<?xml version="1.0" encoding="utf-8"?>
<Project ToolsVersion="4.0" xmlns="http://schemas.microsoft.com/developer/msbuild/2003">
  <ItemGroup>
    <ClCompile Include="externals\src\imgui.cpp">
      <Filter>externals</Filter>
    </ClCompile>
    <ClCompile Include="externals\src\imgui_demo.cpp">
      <Filter>externals</Filter>
    </ClCompile>
    <ClCompile Include="externals\src\imgui_draw.cpp">
      <Filter>externals</Filter>
    </ClCompile>
    <ClCompile Include="externals\src\imgui_impl_glfw.cpp">
      <Filter>externals</Filter>
    </ClCompile>
    <ClCompile Include="externals\src\imgui_impl_opengl3.cpp">
      <Filter>externals</Filter>
    </ClCompile>
    <ClCompile Include="externals\src\imgui_tables.cpp">
      <Filter>externals</Filter>
    </ClCompile>
    <ClCompile Include="externals\src\imgui_widgets.cpp">
      <Filter>externals</Filter>
    </ClCompile>
    <ClCompile Include="externals\src\stb_image.cpp">
      <Filter>externals</Filter>
    </ClCompile>
    <ClCompile Include="src\Tower.cpp">
      <Filter>src\entity\tower</Filter>
    </ClCompile>
    <ClCompile Include="src\Calcul.cpp">
      <Filter>src\Toolbox</Filter>
    </ClCompile>
    <ClCompile Include="src\Collider2D.cpp">
      <Filter>src\Toolbox</Filter>
    </ClCompile>
    <ClCompile Include="src\Point2D.cpp">
      <Filter>src\Toolbox</Filter>
    </ClCompile>
    <ClCompile Include="src\Vector2D.cpp">
      <Filter>src\Toolbox</Filter>
    </ClCompile>
    <ClCompile Include="src\player.cpp">
      <Filter>src\Player</Filter>
    </ClCompile>
    <ClCompile Include="src\map.cpp">
      <Filter>src\Map</Filter>
    </ClCompile>
    <ClCompile Include="src\Tile.cpp">
      <Filter>src\Map\Tiles</Filter>
    </ClCompile>
    <ClCompile Include="src\entity.cpp">
      <Filter>src\entity</Filter>
    </ClCompile>
    <ClCompile Include="src\enemy.cpp">
      <Filter>src\entity\enemy</Filter>
    </ClCompile>
    <ClCompile Include="src\healer.cpp">
      <Filter>src\entity\enemy\soigneur</Filter>
    </ClCompile>
    <ClCompile Include="src\weakling.cpp">
      <Filter>src\entity\enemy\gringalet</Filter>
    </ClCompile>
    <ClCompile Include="src\heavy.cpp">
      <Filter>src\entity\enemy\costaud</Filter>
    </ClCompile>
    <ClCompile Include="src\ralentissante.cpp">
      <Filter>src\entity\tower\ralentissante</Filter>
    </ClCompile>
    <ClCompile Include="src\explosive.cpp">
      <Filter>src\entity\tower\explosive</Filter>
    </ClCompile>
    <ClCompile Include="src\classique.cpp">
      <Filter>src\entity\tower\classique</Filter>
    </ClCompile>
    <ClCompile Include="src\main.cpp">
      <Filter>src\main</Filter>
    </ClCompile>
    <ClCompile Include="src\app.cpp">
      <Filter>src\main</Filter>
    </ClCompile>
    <ClCompile Include="src\enemy_manager.cpp">
      <Filter>src\Update</Filter>
    </ClCompile>
    <ClCompile Include="src\tower_game.cpp">
      <Filter>src\Update</Filter>
    </ClCompile>
    <ClCompile Include="src\tower_renderer.cpp">
      <Filter>src\Update</Filter>
    </ClCompile>
    <ClCompile Include="src\imgui_utils.cpp">
      <Filter>src\imgui</Filter>
    </ClCompile>
  </ItemGroup>
  <ItemGroup>
    <ClInclude Include="src\Tower.hpp">
      <Filter>src\entity\tower</Filter>
    </ClInclude>
    <ClInclude Include="src\Calcul.hpp">
      <Filter>src\Toolbox</Filter>
    </ClInclude>
    <ClInclude Include="src\Collider2D.hpp">
      <Filter>src\Toolbox</Filter>
    </ClInclude>
    <ClInclude Include="src\float2.hpp">
      <Filter>src\Toolbox</Filter>
    </ClInclude>
    <ClInclude Include="src\Point2D.hpp">
      <Filter>src\Toolbox</Filter>
    </ClInclude>
    <ClInclude Include="src\Vector2D.hpp">
      <Filter>src\Toolbox</Filter>
    </ClInclude>
    <ClInclude Include="src\player.hpp">
      <Filter>src\Player</Filter>
    </ClInclude>
    <ClInclude Include="src\Tile.hpp">
      <Filter>src\Map\Tiles</Filter>
    </ClInclude>
    <ClInclude Include="src\entity.hpp">
      <Filter>src\entity</Filter>
    </ClInclude>
    <ClInclude Include="src\enemy.hpp">
      <Filter>src\entity\enemy</Filter>
    </ClInclude>
    <ClInclude Include="src\healer.hpp">
      <Filter>src\entity\enemy\soigneur</Filter>
    </ClInclude>
    <ClInclude Include="src\weakling.hpp">
      <Filter>src\entity\enemy\gringalet</Filter>
    </ClInclude>
    <ClInclude Include="src\heavy.hpp">
      <Filter>src\entity\enemy\costaud</Filter>
    </ClInclude>
    <ClInclude Include="src\map.hpp">
      <Filter>src\Map</Filter>
    </ClInclude>
    <ClInclude Include="src\ralentissante.hpp">
      <Filter>src\entity\tower\ralentissante</Filter>
    </ClInclude>
    <ClInclude Include="src\explosive.hpp">
      <Filter>src\entity\tower\explosive</Filter>
    </ClInclude>
    <ClInclude Include="src\classique.hpp">
      <Filter>src\entity\tower\classique</Filter>
    </ClInclude>
    <ClInclude Include="src\app.hpp">
      <Filter>src\main</Filter>
    </ClInclude>
    <ClInclude Include="src\enemy_manager.hpp">
      <Filter>src\Update</Filter>
    </ClInclude>
    <ClInclude Include="src\tower_game.hpp">
      <Filter>src\Update</Filter>
    </ClInclude>
    <ClInclude Include="src\tower_renderer.hpp">
      <Filter>src\Update</Filter>
    </ClInclude>
    <ClInclude Include="src\imgui_utils.hpp">
      <Filter>src\imgui</Filter>
    </ClInclude>
    <ClInclude Include="src\calc.hpp">
      <Filter>src\Toolbox</Filter>
    </ClInclude>
  </ItemGroup>
  <ItemGroup>
    <Filter Include="src">
      <UniqueIdentifier>{d0dab916-f416-4d00-9162-9c88687021f7}</UniqueIdentifier>
    </Filter>
    <Filter Include="externals">
      <UniqueIdentifier>{adcf2b31-4982-46f4-b41b-28e85e73017e}</UniqueIdentifier>
    </Filter>
    <Filter Include="src\Toolbox">
      <UniqueIdentifier>{1c76374d-1a2f-4627-8abc-3959388c0342}</UniqueIdentifier>
    </Filter>
    <Filter Include="src\entity">
      <UniqueIdentifier>{5857141a-3870-443c-a580-f6579ba6c05a}</UniqueIdentifier>
    </Filter>
    <Filter Include="src\entity\tower">
      <UniqueIdentifier>{10e2f16f-3a21-41f4-bc48-5be020ef975c}</UniqueIdentifier>
    </Filter>
    <Filter Include="src\entity\enemy">
      <UniqueIdentifier>{64d98e3a-2041-4b6a-bd62-edbf2d24a448}</UniqueIdentifier>
    </Filter>
    <Filter Include="src\Player">
      <UniqueIdentifier>{5fe75956-8b25-4470-9ac0-32baa128cfb7}</UniqueIdentifier>
    </Filter>
    <Filter Include="src\Map">
      <UniqueIdentifier>{27a308ae-1588-42b6-a8dc-6d7e1ed382f8}</UniqueIdentifier>
    </Filter>
    <Filter Include="src\Map\Tiles">
      <UniqueIdentifier>{ae68f3b2-7d16-41c3-b154-0aa0cedd3d3a}</UniqueIdentifier>
    </Filter>
    <Filter Include="assets">
      <UniqueIdentifier>{6c9c2aa2-5372-4741-ae30-fba13ad8d36a}</UniqueIdentifier>
    </Filter>
    <Filter Include="assets\map">
      <UniqueIdentifier>{48a70928-ea77-4e9e-83fc-211ddf0a81b8}</UniqueIdentifier>
    </Filter>
    <Filter Include="assets\ennemies">
      <UniqueIdentifier>{f76e22c6-0810-46aa-8f3c-f3636b849843}</UniqueIdentifier>
    </Filter>
    <Filter Include="src\entity\enemy\soigneur">
      <UniqueIdentifier>{760df93d-ef4d-4588-874d-91dbde4fb751}</UniqueIdentifier>
    </Filter>
    <Filter Include="src\entity\enemy\gringalet">
      <UniqueIdentifier>{392e9c5a-954f-4f04-aa4e-06f593468a2b}</UniqueIdentifier>
    </Filter>
    <Filter Include="src\entity\enemy\costaud">
      <UniqueIdentifier>{45d1a5ce-8df9-4667-a2e4-e7faa5027dc5}</UniqueIdentifier>
    </Filter>
    <Filter Include="assets\ennemies\costaud">
      <UniqueIdentifier>{dca6fa54-cc80-447a-91f0-25b6d1696c00}</UniqueIdentifier>
    </Filter>
    <Filter Include="assets\tower">
      <UniqueIdentifier>{5c8d566c-4478-4c8a-a10f-5411244eb0e4}</UniqueIdentifier>
    </Filter>
    <Filter Include="assets\hud">
      <UniqueIdentifier>{ce7f68da-83a6-4582-83e3-0841a90518c0}</UniqueIdentifier>
    </Filter>
    <Filter Include="assets\hud\Font">
      <UniqueIdentifier>{06aa7244-347f-4cf8-bd76-b6099e94c3fd}</UniqueIdentifier>
    </Filter>
    <Filter Include="src\entity\tower\explosive">
      <UniqueIdentifier>{899f2ac3-42fa-433f-a070-3f93497a565e}</UniqueIdentifier>
    </Filter>
    <Filter Include="src\entity\tower\ralentissante">
      <UniqueIdentifier>{39e459b8-3a82-4ed6-a008-a04ee3155963}</UniqueIdentifier>
    </Filter>
    <Filter Include="src\entity\tower\classique">
      <UniqueIdentifier>{03881b5b-825c-47f8-a31e-93b582ac914b}</UniqueIdentifier>
    </Filter>
    <Filter Include="src\main">
      <UniqueIdentifier>{5eb1cc9f-3d72-4769-9b6b-d021ce0cb5b8}</UniqueIdentifier>
    </Filter>
    <Filter Include="src\Update">
      <UniqueIdentifier>{c35d5001-d7ba-4b71-b5de-d3c7bd0bbb29}</UniqueIdentifier>
    </Filter>
    <Filter Include="src\imgui">
      <UniqueIdentifier>{0069932f-9652-4d38-98fa-d62b2066303c}</UniqueIdentifier>
    </Filter>
    <Filter Include="src\checkpointData">
      <UniqueIdentifier>{333c4d69-c7c7-48e2-8395-4c0ecd2ec2a1}</UniqueIdentifier>
    </Filter>
  </ItemGroup>
  <ItemGroup>
    <Image Include="assets\map\dirt.png">
      <Filter>assets\map</Filter>
    </Image>
    <Image Include="assets\map\grass.png">
      <Filter>assets\map</Filter>
    </Image>
    <Image Include="assets\map\pathBottom.png">
      <Filter>assets\map</Filter>
    </Image>
    <Image Include="assets\map\pathBottomANDLeft.png">
      <Filter>assets\map</Filter>
    </Image>
    <Image Include="assets\map\pathBottomANDRight.png">
      <Filter>assets\map</Filter>
    </Image>
    <Image Include="assets\map\pathBottomLeft.png">
      <Filter>assets\map</Filter>
    </Image>
    <Image Include="assets\map\pathBottomRight.png">
      <Filter>assets\map</Filter>
    </Image>
    <Image Include="assets\map\pathLeft.png">
      <Filter>assets\map</Filter>
    </Image>
    <Image Include="assets\map\pathRight.png">
      <Filter>assets\map</Filter>
    </Image>
    <Image Include="assets\map\pathTop.png">
      <Filter>assets\map</Filter>
    </Image>
    <Image Include="assets\map\pathTopANDLeft.png">
      <Filter>assets\map</Filter>
    </Image>
    <Image Include="assets\map\pathTopANDRight.png">
      <Filter>assets\map</Filter>
    </Image>
    <Image Include="assets\map\pathTopLeft.png">
      <Filter>assets\map</Filter>
    </Image>
    <Image Include="assets\map\pathTopRight.png">
      <Filter>assets\map</Filter>
    </Image>
    <Image Include="assets\ennemies\gringalet.png">
      <Filter>assets\ennemies</Filter>
    </Image>
    <Image Include="assets\ennemies\soigneur.png">
      <Filter>assets\ennemies</Filter>
    </Image>
    <Image Include="assets\ennemies\costaud\costaud1.png">
      <Filter>assets\ennemies\costaud</Filter>
    </Image>
    <Image Include="assets\ennemies\costaud\costaud2.png">
      <Filter>assets\ennemies\costaud</Filter>
    </Image>
    <Image Include="assets\ennemies\costaud\costaud3.png">
      <Filter>assets\ennemies\costaud</Filter>
    </Image>
    <Image Include="assets\ennemies\costaud\costaud4.png">
      <Filter>assets\ennemies\costaud</Filter>
    </Image>
    <Image Include="assets\ennemies\costaud\costaud5.png">
      <Filter>assets\ennemies\costaud</Filter>
    </Image>
    <Image Include="assets\ennemies\costaud\costaud6.png">
      <Filter>assets\ennemies\costaud</Filter>
    </Image>
    <Image Include="assets\ennemies\costaud\costaud7.png">
      <Filter>assets\ennemies\costaud</Filter>
    </Image>
    <Image Include="assets\ennemies\costaud\costaud8.png">
      <Filter>assets\ennemies\costaud</Filter>
    </Image>
    <Image Include="assets\ennemies\costaud\costaud9.png">
      <Filter>assets\ennemies\costaud</Filter>
    </Image>
    <Image Include="assets\ennemies\costaud\costaud10.png">
      <Filter>assets\ennemies\costaud</Filter>
    </Image>
    <Image Include="assets\ennemies\costaud\costaud11.png">
      <Filter>assets\ennemies\costaud</Filter>
    </Image>
    <Image Include="assets\ennemies\costaud\costaud12.png">
      <Filter>assets\ennemies\costaud</Filter>
    </Image>
    <Image Include="assets\tower\tower.png">
      <Filter>assets\tower</Filter>
    </Image>
    <Image Include="assets\hud\SideLeft.png">
      <Filter>assets\hud</Filter>
    </Image>
    <Image Include="assets\hud\SideRight.png">
      <Filter>assets\hud</Filter>
    </Image>
    <Image Include="assets\hud\TowerCase.png">
      <Filter>assets\hud</Filter>
    </Image>
    <Image Include="assets\hud\pixel-heart-png.png">
      <Filter>assets\hud</Filter>
    </Image>
  </ItemGroup>
  <ItemGroup>
    <Font Include="src\3X5_____.TTF">
      <Filter>assets\hud\Font</Filter>
    </Font>
  </ItemGroup>
  <ItemGroup>
    <Text Include="src\checkPointData\lvl1.txt">
      <Filter>src\checkpointData</Filter>
    </Text>
  </ItemGroup>
</Project>